
Microsoft Visual Studio Solution File, Format Version 12.00
# Visual Studio Version 17
VisualStudioVersion = 17.2.32519.379
MinimumVisualStudioVersion = 10.0.40219.1
Project("{9A19103F-16F7-4668-BE54-9A1E7A4F7556}") = "MVCAppToBlob", "MVCAppToBlob\MVCAppToBlob.csproj", "{A31AC8AB-D073-4C90-A335-5A1D1021137B}"
EndProject
Project("{FAE04EC0-301F-11D3-BF4B-00C04F79EFBC}") = "WebApiToBlobStorage", "WebApiToBlobStorage\WebApiToBlobStorage.csproj", "{ABAB5CBC-EF65-41D6-9004-E49AA315DD75}"
EndProject
Global
	GlobalSection(SolutionConfigurationPlatforms) = preSolution
		Debug|Any CPU = Debug|Any CPU
		Release|Any CPU = Release|Any CPU
	EndGlobalSection
	GlobalSection(ProjectConfigurationPlatforms) = postSolution
		{A31AC8AB-D073-4C90-A335-5A1D1021137B}.Debug|Any CPU.ActiveCfg = Debug|Any CPU
		{A31AC8AB-D073-4C90-A335-5A1D1021137B}.Debug|Any CPU.Build.0 = Debug|Any CPU
		{A31AC8AB-D073-4C90-A335-5A1D1021137B}.Release|Any CPU.ActiveCfg = Release|Any CPU
		{A31AC8AB-D073-4C90-A335-5A1D1021137B}.Release|Any CPU.Build.0 = Release|Any CPU
		{ABAB5CBC-EF65-41D6-9004-E49AA315DD75}.Debug|Any CPU.ActiveCfg = Debug|Any CPU
		{ABAB5CBC-EF65-41D6-9004-E49AA315DD75}.Debug|Any CPU.Build.0 = Debug|Any CPU
		{ABAB5CBC-EF65-41D6-9004-E49AA315DD75}.Release|Any CPU.ActiveCfg = Release|Any CPU
		{ABAB5CBC-EF65-41D6-9004-E49AA315DD75}.Release|Any CPU.Build.0 = Release|Any CPU
	EndGlobalSection
	GlobalSection(SolutionProperties) = preSolution
		HideSolutionNode = FALSE
	EndGlobalSection
	GlobalSection(ExtensibilityGlobals) = postSolution
		SolutionGuid = {46D1E70B-ABBA-4E8E-9068-7944E39E99C5}
	EndGlobalSection
EndGlobal
